// !$*UTF8*$!
{
	archiveVersion = 1;
	classes = {
	};
	objectVersion = 50;
	objects = {

/* Begin PBXBuildFile section */
		240B00D721D1520E00CEC1F1 /* AppDelegate.m in Sources */ = {isa = PBXBuildFile; fileRef = 240B00D621D1520E00CEC1F1 /* AppDelegate.m */; };
		240B00DA21D1520E00CEC1F1 /* ViewController.m in Sources */ = {isa = PBXBuildFile; fileRef = 240B00D921D1520E00CEC1F1 /* ViewController.m */; };
		240B00DD21D1520E00CEC1F1 /* Main.storyboard in Resources */ = {isa = PBXBuildFile; fileRef = 240B00DB21D1520E00CEC1F1 /* Main.storyboard */; };
		240B00E021D1520E00CEC1F1 /* testPRCompletely.xcdatamodeld in Sources */ = {isa = PBXBuildFile; fileRef = 240B00DE21D1520E00CEC1F1 /* testPRCompletely.xcdatamodeld */; };
		240B00E221D1520F00CEC1F1 /* Assets.xcassets in Resources */ = {isa = PBXBuildFile; fileRef = 240B00E121D1520F00CEC1F1 /* Assets.xcassets */; };
		240B00E521D1520F00CEC1F1 /* LaunchScreen.storyboard in Resources */ = {isa = PBXBuildFile; fileRef = 240B00E321D1520F00CEC1F1 /* LaunchScreen.storyboard */; };
		240B00E821D1520F00CEC1F1 /* main.m in Sources */ = {isa = PBXBuildFile; fileRef = 240B00E721D1520F00CEC1F1 /* main.m */; };
		240B00F221D1520F00CEC1F1 /* testPRCompletelyTests.m in Sources */ = {isa = PBXBuildFile; fileRef = 240B00F121D1520F00CEC1F1 /* testPRCompletelyTests.m */; };
		240B00FD21D1520F00CEC1F1 /* testPRCompletelyUITests.m in Sources */ = {isa = PBXBuildFile; fileRef = 240B00FC21D1520F00CEC1F1 /* testPRCompletelyUITests.m */; };
		2456439721D15DDD0037DF56 /* ViewControllerVit_Dev02.swift in Sources */ = {isa = PBXBuildFile; fileRef = 2456439621D15DDD0037DF56 /* ViewControllerVit_Dev02.swift */; };
		2456439821D15DDD0037DF56 /* ViewControllerVit_Dev02.swift in Sources */ = {isa = PBXBuildFile; fileRef = 2456439621D15DDD0037DF56 /* ViewControllerVit_Dev02.swift */; };
		2456439921D15DDD0037DF56 /* ViewControllerVit_Dev02.swift in Sources */ = {isa = PBXBuildFile; fileRef = 2456439621D15DDD0037DF56 /* ViewControllerVit_Dev02.swift */; };
		24B3091321D160FC002A84B9 /* ViewControllerVit_Dev03.swift in Sources */ = {isa = PBXBuildFile; fileRef = 24B3091221D160FB002A84B9 /* ViewControllerVit_Dev03.swift */; };
		24D4C82721D15C410037A42E /* ViewControllerVit_DevB.swift in Sources */ = {isa = PBXBuildFile; fileRef = 24D4C82621D15C410037A42E /* ViewControllerVit_DevB.swift */; };
		24D4C82821D15C410037A42E /* ViewControllerVit_DevB.swift in Sources */ = {isa = PBXBuildFile; fileRef = 24D4C82621D15C410037A42E /* ViewControllerVit_DevB.swift */; };
		24D4C82921D15C410037A42E /* ViewControllerVit_DevB.swift in Sources */ = {isa = PBXBuildFile; fileRef = 24D4C82621D15C410037A42E /* ViewControllerVit_DevB.swift */; };
/* End PBXBuildFile section */

/* Begin PBXContainerItemProxy section */
		240B00EE21D1520F00CEC1F1 /* PBXContainerItemProxy */ = {
			isa = PBXContainerItemProxy;
			containerPortal = 240B00CA21D1520E00CEC1F1 /* Project object */;
			proxyType = 1;
			remoteGlobalIDString = 240B00D121D1520E00CEC1F1;
			remoteInfo = testPRCompletely;
		};
		240B00F921D1520F00CEC1F1 /* PBXContainerItemProxy */ = {
			isa = PBXContainerItemProxy;
			containerPortal = 240B00CA21D1520E00CEC1F1 /* Project object */;
			proxyType = 1;
			remoteGlobalIDString = 240B00D121D1520E00CEC1F1;
			remoteInfo = testPRCompletely;
		};
/* End PBXContainerItemProxy section */

/* Begin PBXFileReference section */
		240B00D221D1520E00CEC1F1 /* testPRCompletely.app */ = {isa = PBXFileReference; explicitFileType = wrapper.application; includeInIndex = 0; path = testPRCompletely.app; sourceTree = BUILT_PRODUCTS_DIR; };
		240B00D521D1520E00CEC1F1 /* AppDelegate.h */ = {isa = PBXFileReference; lastKnownFileType = sourcecode.c.h; path = AppDelegate.h; sourceTree = "<group>"; };
		240B00D621D1520E00CEC1F1 /* AppDelegate.m */ = {isa = PBXFileReference; lastKnownFileType = sourcecode.c.objc; path = AppDelegate.m; sourceTree = "<group>"; };
		240B00D821D1520E00CEC1F1 /* ViewController.h */ = {isa = PBXFileReference; lastKnownFileType = sourcecode.c.h; path = ViewController.h; sourceTree = "<group>"; };
		240B00D921D1520E00CEC1F1 /* ViewController.m */ = {isa = PBXFileReference; lastKnownFileType = sourcecode.c.objc; path = ViewController.m; sourceTree = "<group>"; };
		240B00DC21D1520E00CEC1F1 /* Base */ = {isa = PBXFileReference; lastKnownFileType = file.storyboard; name = Base; path = Base.lproj/Main.storyboard; sourceTree = "<group>"; };
		240B00DF21D1520E00CEC1F1 /* testPRCompletely.xcdatamodel */ = {isa = PBXFileReference; lastKnownFileType = wrapper.xcdatamodel; path = testPRCompletely.xcdatamodel; sourceTree = "<group>"; };
		240B00E121D1520F00CEC1F1 /* Assets.xcassets */ = {isa = PBXFileReference; lastKnownFileType = folder.assetcatalog; path = Assets.xcassets; sourceTree = "<group>"; };
		240B00E421D1520F00CEC1F1 /* Base */ = {isa = PBXFileReference; lastKnownFileType = file.storyboard; name = Base; path = Base.lproj/LaunchScreen.storyboard; sourceTree = "<group>"; };
		240B00E621D1520F00CEC1F1 /* Info.plist */ = {isa = PBXFileReference; lastKnownFileType = text.plist.xml; path = Info.plist; sourceTree = "<group>"; };
		240B00E721D1520F00CEC1F1 /* main.m */ = {isa = PBXFileReference; lastKnownFileType = sourcecode.c.objc; path = main.m; sourceTree = "<group>"; };
		240B00ED21D1520F00CEC1F1 /* testPRCompletelyTests.xctest */ = {isa = PBXFileReference; explicitFileType = wrapper.cfbundle; includeInIndex = 0; path = testPRCompletelyTests.xctest; sourceTree = BUILT_PRODUCTS_DIR; };
		240B00F121D1520F00CEC1F1 /* testPRCompletelyTests.m */ = {isa = PBXFileReference; lastKnownFileType = sourcecode.c.objc; path = testPRCompletelyTests.m; sourceTree = "<group>"; };
		240B00F321D1520F00CEC1F1 /* Info.plist */ = {isa = PBXFileReference; lastKnownFileType = text.plist.xml; path = Info.plist; sourceTree = "<group>"; };
		240B00F821D1520F00CEC1F1 /* testPRCompletelyUITests.xctest */ = {isa = PBXFileReference; explicitFileType = wrapper.cfbundle; includeInIndex = 0; path = testPRCompletelyUITests.xctest; sourceTree = BUILT_PRODUCTS_DIR; };
		240B00FC21D1520F00CEC1F1 /* testPRCompletelyUITests.m */ = {isa = PBXFileReference; lastKnownFileType = sourcecode.c.objc; path = testPRCompletelyUITests.m; sourceTree = "<group>"; };
		240B00FE21D1520F00CEC1F1 /* Info.plist */ = {isa = PBXFileReference; lastKnownFileType = text.plist.xml; path = Info.plist; sourceTree = "<group>"; };
		2456439621D15DDD0037DF56 /* ViewControllerVit_Dev02.swift */ = {isa = PBXFileReference; lastKnownFileType = sourcecode.swift; path = ViewControllerVit_Dev02.swift; sourceTree = "<group>"; };
		24B3091221D160FB002A84B9 /* ViewControllerVit_Dev03.swift */ = {isa = PBXFileReference; fileEncoding = 4; lastKnownFileType = sourcecode.swift; path = ViewControllerVit_Dev03.swift; sourceTree = "<group>"; };
		24D4C82321D15C400037A42E /* testPRCompletely-Bridging-Header.h */ = {isa = PBXFileReference; lastKnownFileType = sourcecode.c.h; path = "testPRCompletely-Bridging-Header.h"; sourceTree = "<group>"; };
		24D4C82421D15C400037A42E /* testPRCompletelyTests-Bridging-Header.h */ = {isa = PBXFileReference; lastKnownFileType = sourcecode.c.h; path = "testPRCompletelyTests-Bridging-Header.h"; sourceTree = "<group>"; };
		24D4C82521D15C400037A42E /* testPRCompletelyUITests-Bridging-Header.h */ = {isa = PBXFileReference; lastKnownFileType = sourcecode.c.h; path = "testPRCompletelyUITests-Bridging-Header.h"; sourceTree = "<group>"; };
		24D4C82621D15C410037A42E /* ViewControllerVit_DevB.swift */ = {isa = PBXFileReference; lastKnownFileType = sourcecode.swift; path = ViewControllerVit_DevB.swift; sourceTree = "<group>"; };
/* End PBXFileReference section */

/* Begin PBXFrameworksBuildPhase section */
		240B00CF21D1520E00CEC1F1 /* Frameworks */ = {
			isa = PBXFrameworksBuildPhase;
			buildActionMask = 2147483647;
			files = (
			);
			runOnlyForDeploymentPostprocessing = 0;
		};
		240B00EA21D1520F00CEC1F1 /* Frameworks */ = {
			isa = PBXFrameworksBuildPhase;
			buildActionMask = 2147483647;
			files = (
			);
			runOnlyForDeploymentPostprocessing = 0;
		};
		240B00F521D1520F00CEC1F1 /* Frameworks */ = {
			isa = PBXFrameworksBuildPhase;
			buildActionMask = 2147483647;
			files = (
			);
			runOnlyForDeploymentPostprocessing = 0;
		};
/* End PBXFrameworksBuildPhase section */

/* Begin PBXGroup section */
		240B00C921D1520E00CEC1F1 = {
			isa = PBXGroup;
			children = (
				240B00D421D1520E00CEC1F1 /* testPRCompletely */,
				240B00F021D1520F00CEC1F1 /* testPRCompletelyTests */,
				240B00FB21D1520F00CEC1F1 /* testPRCompletelyUITests */,
				240B00D321D1520E00CEC1F1 /* Products */,
			);
			sourceTree = "<group>";
		};
		240B00D321D1520E00CEC1F1 /* Products */ = {
			isa = PBXGroup;
			children = (
				240B00D221D1520E00CEC1F1 /* testPRCompletely.app */,
				240B00ED21D1520F00CEC1F1 /* testPRCompletelyTests.xctest */,
				240B00F821D1520F00CEC1F1 /* testPRCompletelyUITests.xctest */,
			);
			name = Products;
			sourceTree = "<group>";
		};
		240B00D421D1520E00CEC1F1 /* testPRCompletely */ = {
			isa = PBXGroup;
			children = (
				240B00D521D1520E00CEC1F1 /* AppDelegate.h */,
				240B00D621D1520E00CEC1F1 /* AppDelegate.m */,
				240B00D821D1520E00CEC1F1 /* ViewController.h */,
				240B00D921D1520E00CEC1F1 /* ViewController.m */,
				24D4C82621D15C410037A42E /* ViewControllerVit_DevB.swift */,
				2456439621D15DDD0037DF56 /* ViewControllerVit_Dev02.swift */,
				24B3091221D160FB002A84B9 /* ViewControllerVit_Dev03.swift */,
				240B00DB21D1520E00CEC1F1 /* Main.storyboard */,
				240B00E121D1520F00CEC1F1 /* Assets.xcassets */,
				240B00E321D1520F00CEC1F1 /* LaunchScreen.storyboard */,
				240B00E621D1520F00CEC1F1 /* Info.plist */,
				240B00E721D1520F00CEC1F1 /* main.m */,
				240B00DE21D1520E00CEC1F1 /* testPRCompletely.xcdatamodeld */,
				24D4C82321D15C400037A42E /* testPRCompletely-Bridging-Header.h */,
				24D4C82421D15C400037A42E /* testPRCompletelyTests-Bridging-Header.h */,
				24D4C82521D15C400037A42E /* testPRCompletelyUITests-Bridging-Header.h */,
			);
			path = testPRCompletely;
			sourceTree = "<group>";
		};
		240B00F021D1520F00CEC1F1 /* testPRCompletelyTests */ = {
			isa = PBXGroup;
			children = (
				240B00F121D1520F00CEC1F1 /* testPRCompletelyTests.m */,
				240B00F321D1520F00CEC1F1 /* Info.plist */,
			);
			path = testPRCompletelyTests;
			sourceTree = "<group>";
		};
		240B00FB21D1520F00CEC1F1 /* testPRCompletelyUITests */ = {
			isa = PBXGroup;
			children = (
				240B00FC21D1520F00CEC1F1 /* testPRCompletelyUITests.m */,
				240B00FE21D1520F00CEC1F1 /* Info.plist */,
			);
			path = testPRCompletelyUITests;
			sourceTree = "<group>";
		};
/* End PBXGroup section */

/* Begin PBXNativeTarget section */
		240B00D121D1520E00CEC1F1 /* testPRCompletely */ = {
			isa = PBXNativeTarget;
			buildConfigurationList = 240B010121D1520F00CEC1F1 /* Build configuration list for PBXNativeTarget "testPRCompletely" */;
			buildPhases = (
				240B00CE21D1520E00CEC1F1 /* Sources */,
				240B00CF21D1520E00CEC1F1 /* Frameworks */,
				240B00D021D1520E00CEC1F1 /* Resources */,
			);
			buildRules = (
			);
			dependencies = (
			);
			name = testPRCompletely;
			productName = testPRCompletely;
			productReference = 240B00D221D1520E00CEC1F1 /* testPRCompletely.app */;
			productType = "com.apple.product-type.application";
		};
		240B00EC21D1520F00CEC1F1 /* testPRCompletelyTests */ = {
			isa = PBXNativeTarget;
			buildConfigurationList = 240B010421D1520F00CEC1F1 /* Build configuration list for PBXNativeTarget "testPRCompletelyTests" */;
			buildPhases = (
				240B00E921D1520F00CEC1F1 /* Sources */,
				240B00EA21D1520F00CEC1F1 /* Frameworks */,
				240B00EB21D1520F00CEC1F1 /* Resources */,
			);
			buildRules = (
			);
			dependencies = (
				240B00EF21D1520F00CEC1F1 /* PBXTargetDependency */,
			);
			name = testPRCompletelyTests;
			productName = testPRCompletelyTests;
			productReference = 240B00ED21D1520F00CEC1F1 /* testPRCompletelyTests.xctest */;
			productType = "com.apple.product-type.bundle.unit-test";
		};
		240B00F721D1520F00CEC1F1 /* testPRCompletelyUITests */ = {
			isa = PBXNativeTarget;
			buildConfigurationList = 240B010721D1520F00CEC1F1 /* Build configuration list for PBXNativeTarget "testPRCompletelyUITests" */;
			buildPhases = (
				240B00F421D1520F00CEC1F1 /* Sources */,
				240B00F521D1520F00CEC1F1 /* Frameworks */,
				240B00F621D1520F00CEC1F1 /* Resources */,
			);
			buildRules = (
			);
			dependencies = (
				240B00FA21D1520F00CEC1F1 /* PBXTargetDependency */,
			);
			name = testPRCompletelyUITests;
			productName = testPRCompletelyUITests;
			productReference = 240B00F821D1520F00CEC1F1 /* testPRCompletelyUITests.xctest */;
			productType = "com.apple.product-type.bundle.ui-testing";
		};
/* End PBXNativeTarget section */

/* Begin PBXProject section */
		240B00CA21D1520E00CEC1F1 /* Project object */ = {
			isa = PBXProject;
			attributes = {
				LastUpgradeCheck = 1010;
				ORGANIZATIONNAME = "Vitaliy Fedun";
				TargetAttributes = {
					240B00D121D1520E00CEC1F1 = {
						CreatedOnToolsVersion = 10.1;
						LastSwiftMigration = 1010;
					};
					240B00EC21D1520F00CEC1F1 = {
						CreatedOnToolsVersion = 10.1;
						LastSwiftMigration = 1010;
						TestTargetID = 240B00D121D1520E00CEC1F1;
					};
					240B00F721D1520F00CEC1F1 = {
						CreatedOnToolsVersion = 10.1;
						LastSwiftMigration = 1010;
						TestTargetID = 240B00D121D1520E00CEC1F1;
					};
				};
			};
			buildConfigurationList = 240B00CD21D1520E00CEC1F1 /* Build configuration list for PBXProject "testPRCompletely" */;
			compatibilityVersion = "Xcode 9.3";
			developmentRegion = en;
			hasScannedForEncodings = 0;
			knownRegions = (
				en,
				Base,
			);
			mainGroup = 240B00C921D1520E00CEC1F1;
			productRefGroup = 240B00D321D1520E00CEC1F1 /* Products */;
			projectDirPath = "";
			projectRoot = "";
			targets = (
				240B00D121D1520E00CEC1F1 /* testPRCompletely */,
				240B00EC21D1520F00CEC1F1 /* testPRCompletelyTests */,
				240B00F721D1520F00CEC1F1 /* testPRCompletelyUITests */,
			);
		};
/* End PBXProject section */

/* Begin PBXResourcesBuildPhase section */
		240B00D021D1520E00CEC1F1 /* Resources */ = {
			isa = PBXResourcesBuildPhase;
			buildActionMask = 2147483647;
			files = (
				240B00E521D1520F00CEC1F1 /* LaunchScreen.storyboard in Resources */,
				240B00E221D1520F00CEC1F1 /* Assets.xcassets in Resources */,
				240B00DD21D1520E00CEC1F1 /* Main.storyboard in Resources */,
			);
			runOnlyForDeploymentPostprocessing = 0;
		};
		240B00EB21D1520F00CEC1F1 /* Resources */ = {
			isa = PBXResourcesBuildPhase;
			buildActionMask = 2147483647;
			files = (
			);
			runOnlyForDeploymentPostprocessing = 0;
		};
		240B00F621D1520F00CEC1F1 /* Resources */ = {
			isa = PBXResourcesBuildPhase;
			buildActionMask = 2147483647;
			files = (
			);
			runOnlyForDeploymentPostprocessing = 0;
		};
/* End PBXResourcesBuildPhase section */

/* Begin PBXSourcesBuildPhase section */
		240B00CE21D1520E00CEC1F1 /* Sources */ = {
			isa = PBXSourcesBuildPhase;
			buildActionMask = 2147483647;
			files = (
				24B3091321D160FC002A84B9 /* ViewControllerVit_Dev03.swift in Sources */,
				24D4C82721D15C410037A42E /* ViewControllerVit_DevB.swift in Sources */,
				240B00DA21D1520E00CEC1F1 /* ViewController.m in Sources */,
				240B00D721D1520E00CEC1F1 /* AppDelegate.m in Sources */,
				240B00E821D1520F00CEC1F1 /* main.m in Sources */,
				2456439721D15DDD0037DF56 /* ViewControllerVit_Dev02.swift in Sources */,
				240B00E021D1520E00CEC1F1 /* testPRCompletely.xcdatamodeld in Sources */,
			);
			runOnlyForDeploymentPostprocessing = 0;
		};
		240B00E921D1520F00CEC1F1 /* Sources */ = {
			isa = PBXSourcesBuildPhase;
			buildActionMask = 2147483647;
			files = (
				240B00F221D1520F00CEC1F1 /* testPRCompletelyTests.m in Sources */,
				2456439821D15DDD0037DF56 /* ViewControllerVit_Dev02.swift in Sources */,
				24D4C82821D15C410037A42E /* ViewControllerVit_DevB.swift in Sources */,
			);
			runOnlyForDeploymentPostprocessing = 0;
		};
		240B00F421D1520F00CEC1F1 /* Sources */ = {
			isa = PBXSourcesBuildPhase;
			buildActionMask = 2147483647;
			files = (
				240B00FD21D1520F00CEC1F1 /* testPRCompletelyUITests.m in Sources */,
				2456439921D15DDD0037DF56 /* ViewControllerVit_Dev02.swift in Sources */,
				24D4C82921D15C410037A42E /* ViewControllerVit_DevB.swift in Sources */,
			);
			runOnlyForDeploymentPostprocessing = 0;
		};
/* End PBXSourcesBuildPhase section */

/* Begin PBXTargetDependency section */
		240B00EF21D1520F00CEC1F1 /* PBXTargetDependency */ = {
			isa = PBXTargetDependency;
			target = 240B00D121D1520E00CEC1F1 /* testPRCompletely */;
			targetProxy = 240B00EE21D1520F00CEC1F1 /* PBXContainerItemProxy */;
		};
		240B00FA21D1520F00CEC1F1 /* PBXTargetDependency */ = {
			isa = PBXTargetDependency;
			target = 240B00D121D1520E00CEC1F1 /* testPRCompletely */;
			targetProxy = 240B00F921D1520F00CEC1F1 /* PBXContainerItemProxy */;
		};
/* End PBXTargetDependency section */

/* Begin PBXVariantGroup section */
		240B00DB21D1520E00CEC1F1 /* Main.storyboard */ = {
			isa = PBXVariantGroup;
			children = (
				240B00DC21D1520E00CEC1F1 /* Base */,
			);
			name = Main.storyboard;
			sourceTree = "<group>";
		};
		240B00E321D1520F00CEC1F1 /* LaunchScreen.storyboard */ = {
			isa = PBXVariantGroup;
			children = (
				240B00E421D1520F00CEC1F1 /* Base */,
			);
			name = LaunchScreen.storyboard;
			sourceTree = "<group>";
		};
/* End PBXVariantGroup section */

/* Begin XCBuildConfiguration section */
		240B00FF21D1520F00CEC1F1 /* Debug */ = {
			isa = XCBuildConfiguration;
			buildSettings = {
				ALWAYS_SEARCH_USER_PATHS = NO;
				CLANG_ANALYZER_NONNULL = YES;
				CLANG_ANALYZER_NUMBER_OBJECT_CONVERSION = YES_AGGRESSIVE;
				CLANG_CXX_LANGUAGE_STANDARD = "gnu++14";
				CLANG_CXX_LIBRARY = "libc++";
				CLANG_ENABLE_MODULES = YES;
				CLANG_ENABLE_OBJC_ARC = YES;
				CLANG_ENABLE_OBJC_WEAK = YES;
				CLANG_WARN_BLOCK_CAPTURE_AUTORELEASING = YES;
				CLANG_WARN_BOOL_CONVERSION = YES;
				CLANG_WARN_COMMA = YES;
				CLANG_WARN_CONSTANT_CONVERSION = YES;
				CLANG_WARN_DEPRECATED_OBJC_IMPLEMENTATIONS = YES;
				CLANG_WARN_DIRECT_OBJC_ISA_USAGE = YES_ERROR;
				CLANG_WARN_DOCUMENTATION_COMMENTS = YES;
				CLANG_WARN_EMPTY_BODY = YES;
				CLANG_WARN_ENUM_CONVERSION = YES;
				CLANG_WARN_INFINITE_RECURSION = YES;
				CLANG_WARN_INT_CONVERSION = YES;
				CLANG_WARN_NON_LITERAL_NULL_CONVERSION = YES;
				CLANG_WARN_OBJC_IMPLICIT_RETAIN_SELF = YES;
				CLANG_WARN_OBJC_LITERAL_CONVERSION = YES;
				CLANG_WARN_OBJC_ROOT_CLASS = YES_ERROR;
				CLANG_WARN_RANGE_LOOP_ANALYSIS = YES;
				CLANG_WARN_STRICT_PROTOTYPES = YES;
				CLANG_WARN_SUSPICIOUS_MOVE = YES;
				CLANG_WARN_UNGUARDED_AVAILABILITY = YES_AGGRESSIVE;
				CLANG_WARN_UNREACHABLE_CODE = YES;
				CLANG_WARN__DUPLICATE_METHOD_MATCH = YES;
				CODE_SIGN_IDENTITY = "iPhone Developer";
				COPY_PHASE_STRIP = NO;
				DEBUG_INFORMATION_FORMAT = dwarf;
				ENABLE_STRICT_OBJC_MSGSEND = YES;
				ENABLE_TESTABILITY = YES;
				GCC_C_LANGUAGE_STANDARD = gnu11;
				GCC_DYNAMIC_NO_PIC = NO;
				GCC_NO_COMMON_BLOCKS = YES;
				GCC_OPTIMIZATION_LEVEL = 0;
				GCC_PREPROCESSOR_DEFINITIONS = (
					"DEBUG=1",
					"$(inherited)",
				);
				GCC_WARN_64_TO_32_BIT_CONVERSION = YES;
				GCC_WARN_ABOUT_RETURN_TYPE = YES_ERROR;
				GCC_WARN_UNDECLARED_SELECTOR = YES;
				GCC_WARN_UNINITIALIZED_AUTOS = YES_AGGRESSIVE;
				GCC_WARN_UNUSED_FUNCTION = YES;
				GCC_WARN_UNUSED_VARIABLE = YES;
				IPHONEOS_DEPLOYMENT_TARGET = 12.1;
				MTL_ENABLE_DEBUG_INFO = INCLUDE_SOURCE;
				MTL_FAST_MATH = YES;
				ONLY_ACTIVE_ARCH = YES;
				SDKROOT = iphoneos;
			};
			name = Debug;
		};
		240B010021D1520F00CEC1F1 /* Release */ = {
			isa = XCBuildConfiguration;
			buildSettings = {
				ALWAYS_SEARCH_USER_PATHS = NO;
				CLANG_ANALYZER_NONNULL = YES;
				CLANG_ANALYZER_NUMBER_OBJECT_CONVERSION = YES_AGGRESSIVE;
				CLANG_CXX_LANGUAGE_STANDARD = "gnu++14";
				CLANG_CXX_LIBRARY = "libc++";
				CLANG_ENABLE_MODULES = YES;
				CLANG_ENABLE_OBJC_ARC = YES;
				CLANG_ENABLE_OBJC_WEAK = YES;
				CLANG_WARN_BLOCK_CAPTURE_AUTORELEASING = YES;
				CLANG_WARN_BOOL_CONVERSION = YES;
				CLANG_WARN_COMMA = YES;
				CLANG_WARN_CONSTANT_CONVERSION = YES;
				CLANG_WARN_DEPRECATED_OBJC_IMPLEMENTATIONS = YES;
				CLANG_WARN_DIRECT_OBJC_ISA_USAGE = YES_ERROR;
				CLANG_WARN_DOCUMENTATION_COMMENTS = YES;
				CLANG_WARN_EMPTY_BODY = YES;
				CLANG_WARN_ENUM_CONVERSION = YES;
				CLANG_WARN_INFINITE_RECURSION = YES;
				CLANG_WARN_INT_CONVERSION = YES;
				CLANG_WARN_NON_LITERAL_NULL_CONVERSION = YES;
				CLANG_WARN_OBJC_IMPLICIT_RETAIN_SELF = YES;
				CLANG_WARN_OBJC_LITERAL_CONVERSION = YES;
				CLANG_WARN_OBJC_ROOT_CLASS = YES_ERROR;
				CLANG_WARN_RANGE_LOOP_ANALYSIS = YES;
				CLANG_WARN_STRICT_PROTOTYPES = YES;
				CLANG_WARN_SUSPICIOUS_MOVE = YES;
				CLANG_WARN_UNGUARDED_AVAILABILITY = YES_AGGRESSIVE;
				CLANG_WARN_UNREACHABLE_CODE = YES;
				CLANG_WARN__DUPLICATE_METHOD_MATCH = YES;
				CODE_SIGN_IDENTITY = "iPhone Developer";
				COPY_PHASE_STRIP = NO;
				DEBUG_INFORMATION_FORMAT = "dwarf-with-dsym";
				ENABLE_NS_ASSERTIONS = NO;
				ENABLE_STRICT_OBJC_MSGSEND = YES;
				GCC_C_LANGUAGE_STANDARD = gnu11;
				GCC_NO_COMMON_BLOCKS = YES;
				GCC_WARN_64_TO_32_BIT_CONVERSION = YES;
				GCC_WARN_ABOUT_RETURN_TYPE = YES_ERROR;
				GCC_WARN_UNDECLARED_SELECTOR = YES;
				GCC_WARN_UNINITIALIZED_AUTOS = YES_AGGRESSIVE;
				GCC_WARN_UNUSED_FUNCTION = YES;
				GCC_WARN_UNUSED_VARIABLE = YES;
				IPHONEOS_DEPLOYMENT_TARGET = 12.1;
				MTL_ENABLE_DEBUG_INFO = NO;
				MTL_FAST_MATH = YES;
				SDKROOT = iphoneos;
				VALIDATE_PRODUCT = YES;
			};
			name = Release;
		};
		240B010221D1520F00CEC1F1 /* Debug */ = {
			isa = XCBuildConfiguration;
			buildSettings = {
				ASSETCATALOG_COMPILER_APPICON_NAME = AppIcon;
				CLANG_ENABLE_MODULES = YES;
				CODE_SIGN_STYLE = Automatic;
				INFOPLIST_FILE = testPRCompletely/Info.plist;
				LD_RUNPATH_SEARCH_PATHS = (
					"$(inherited)",
					"@executable_path/Frameworks",
				);
				PRODUCT_BUNDLE_IDENTIFIER = qwe.testPRCompletely;
				PRODUCT_NAME = "$(TARGET_NAME)";
				SWIFT_OBJC_BRIDGING_HEADER = "testPRCompletely/testPRCompletely-Bridging-Header.h";
				SWIFT_OPTIMIZATION_LEVEL = "-Onone";
				SWIFT_VERSION = 4.2;
				TARGETED_DEVICE_FAMILY = "1,2";
			};
			name = Debug;
		};
		240B010321D1520F00CEC1F1 /* Release */ = {
			isa = XCBuildConfiguration;
			buildSettings = {
				ASSETCATALOG_COMPILER_APPICON_NAME = AppIcon;
				CLANG_ENABLE_MODULES = YES;
				CODE_SIGN_STYLE = Automatic;
				INFOPLIST_FILE = testPRCompletely/Info.plist;
				LD_RUNPATH_SEARCH_PATHS = (
					"$(inherited)",
					"@executable_path/Frameworks",
				);
				PRODUCT_BUNDLE_IDENTIFIER = qwe.testPRCompletely;
				PRODUCT_NAME = "$(TARGET_NAME)";
				SWIFT_OBJC_BRIDGING_HEADER = "testPRCompletely/testPRCompletely-Bridging-Header.h";
				SWIFT_VERSION = 4.2;
				TARGETED_DEVICE_FAMILY = "1,2";
			};
			name = Release;
		};
		240B010521D1520F00CEC1F1 /* Debug */ = {
			isa = XCBuildConfiguration;
			buildSettings = {
				ALWAYS_EMBED_SWIFT_STANDARD_LIBRARIES = YES;
				BUNDLE_LOADER = "$(TEST_HOST)";
				CLANG_ENABLE_MODULES = YES;
				CODE_SIGN_STYLE = Automatic;
				INFOPLIST_FILE = testPRCompletelyTests/Info.plist;
				LD_RUNPATH_SEARCH_PATHS = (
					"$(inherited)",
					"@executable_path/Frameworks",
					"@loader_path/Frameworks",
				);
				PRODUCT_BUNDLE_IDENTIFIER = qwe.testPRCompletelyTests;
				PRODUCT_NAME = "$(TARGET_NAME)";
				SWIFT_OBJC_BRIDGING_HEADER = "testPRCompletely/testPRCompletelyTests-Bridging-Header.h";
				SWIFT_OPTIMIZATION_LEVEL = "-Onone";
				SWIFT_VERSION = 4.2;
				TARGETED_DEVICE_FAMILY = "1,2";
				TEST_HOST = "$(BUILT_PRODUCTS_DIR)/testPRCompletely.app/testPRCompletely";
			};
			name = Debug;
		};
		240B010621D1520F00CEC1F1 /* Release */ = {
			isa = XCBuildConfiguration;
			buildSettings = {
				ALWAYS_EMBED_SWIFT_STANDARD_LIBRARIES = YES;
				BUNDLE_LOADER = "$(TEST_HOST)";
				CLANG_ENABLE_MODULES = YES;
				CODE_SIGN_STYLE = Automatic;
				INFOPLIST_FILE = testPRCompletelyTests/Info.plist;
				LD_RUNPATH_SEARCH_PATHS = (
					"$(inherited)",
					"@executable_path/Frameworks",
					"@loader_path/Frameworks",
				);
				PRODUCT_BUNDLE_IDENTIFIER = qwe.testPRCompletelyTests;
				PRODUCT_NAME = "$(TARGET_NAME)";
				SWIFT_OBJC_BRIDGING_HEADER = "testPRCompletely/testPRCompletelyTests-Bridging-Header.h";
				SWIFT_VERSION = 4.2;
				TARGETED_DEVICE_FAMILY = "1,2";
				TEST_HOST = "$(BUILT_PRODUCTS_DIR)/testPRCompletely.app/testPRCompletely";
			};
			name = Release;
		};
		240B010821D1520F00CEC1F1 /* Debug */ = {
			isa = XCBuildConfiguration;
			buildSettings = {
				ALWAYS_EMBED_SWIFT_STANDARD_LIBRARIES = YES;
				CLANG_ENABLE_MODULES = YES;
				CODE_SIGN_STYLE = Automatic;
				INFOPLIST_FILE = testPRCompletelyUITests/Info.plist;
				LD_RUNPATH_SEARCH_PATHS = (
					"$(inherited)",
					"@executable_path/Frameworks",
					"@loader_path/Frameworks",
				);
				PRODUCT_BUNDLE_IDENTIFIER = qwe.testPRCompletelyUITests;
				PRODUCT_NAME = "$(TARGET_NAME)";
				SWIFT_OBJC_BRIDGING_HEADER = "testPRCompletely/testPRCompletelyUITests-Bridging-Header.h";
				SWIFT_OPTIMIZATION_LEVEL = "-Onone";
				SWIFT_VERSION = 4.2;
				TARGETED_DEVICE_FAMILY = "1,2";
				TEST_TARGET_NAME = testPRCompletely;
			};
			name = Debug;
		};
		240B010921D1520F00CEC1F1 /* Release */ = {
			isa = XCBuildConfiguration;
			buildSettings = {
				ALWAYS_EMBED_SWIFT_STANDARD_LIBRARIES = YES;
				CLANG_ENABLE_MODULES = YES;
				CODE_SIGN_STYLE = Automatic;
				INFOPLIST_FILE = testPRCompletelyUITests/Info.plist;
				LD_RUNPATH_SEARCH_PATHS = (
					"$(inherited)",
					"@executable_path/Frameworks",
					"@loader_path/Frameworks",
				);
				PRODUCT_BUNDLE_IDENTIFIER = qwe.testPRCompletelyUITests;
				PRODUCT_NAME = "$(TARGET_NAME)";
				SWIFT_OBJC_BRIDGING_HEADER = "testPRCompletely/testPRCompletelyUITests-Bridging-Header.h";
				SWIFT_VERSION = 4.2;
				TARGETED_DEVICE_FAMILY = "1,2";
				TEST_TARGET_NAME = testPRCompletely;
			};
			name = Release;
		};
/* End XCBuildConfiguration section */

/* Begin XCConfigurationList section */
		240B00CD21D1520E00CEC1F1 /* Build configuration list for PBXProject "testPRCompletely" */ = {
			isa = XCConfigurationList;
			buildConfigurations = (
				240B00FF21D1520F00CEC1F1 /* Debug */,
				240B010021D1520F00CEC1F1 /* Release */,
			);
			defaultConfigurationIsVisible = 0;
			defaultConfigurationName = Release;
		};
		240B010121D1520F00CEC1F1 /* Build configuration list for PBXNativeTarget "testPRCompletely" */ = {
			isa = XCConfigurationList;
			buildConfigurations = (
				240B010221D1520F00CEC1F1 /* Debug */,
				240B010321D1520F00CEC1F1 /* Release */,
			);
			defaultConfigurationIsVisible = 0;
			defaultConfigurationName = Release;
		};
		240B010421D1520F00CEC1F1 /* Build configuration list for PBXNativeTarget "testPRCompletelyTests" */ = {
			isa = XCConfigurationList;
			buildConfigurations = (
				240B010521D1520F00CEC1F1 /* Debug */,
				240B010621D1520F00CEC1F1 /* Release */,
			);
			defaultConfigurationIsVisible = 0;
			defaultConfigurationName = Release;
		};
		240B010721D1520F00CEC1F1 /* Build configuration list for PBXNativeTarget "testPRCompletelyUITests" */ = {
			isa = XCConfigurationList;
			buildConfigurations = (
				240B010821D1520F00CEC1F1 /* Debug */,
				240B010921D1520F00CEC1F1 /* Release */,
			);
			defaultConfigurationIsVisible = 0;
			defaultConfigurationName = Release;
		};
/* End XCConfigurationList section */

/* Begin XCVersionGroup section */
		240B00DE21D1520E00CEC1F1 /* testPRCompletely.xcdatamodeld */ = {
			isa = XCVersionGroup;
			children = (
				240B00DF21D1520E00CEC1F1 /* testPRCompletely.xcdatamodel */,
			);
			currentVersion = 240B00DF21D1520E00CEC1F1 /* testPRCompletely.xcdatamodel */;
			path = testPRCompletely.xcdatamodeld;
			sourceTree = "<group>";
			versionGroupType = wrapper.xcdatamodel;
		};
/* End XCVersionGroup section */
	};
	rootObject = 240B00CA21D1520E00CEC1F1 /* Project object */;
}
